
Microsoft Visual Studio Solution File, Format Version 12.00
# Visual Studio Version 16
VisualStudioVersion = 16.0.31613.86
MinimumVisualStudioVersion = 10.0.40219.1
Project("{FAE04EC0-301F-11D3-BF4B-00C04F79EFBC}") = "Calculator-Console-App", "Calculator-Console-App.csproj", "{67B2A323-821D-491C-9220-EA89E3D96BAF}"
EndProject
Global
	GlobalSection(SolutionConfigurationPlatforms) = preSolution
		Debug|Any CPU = Debug|Any CPU
		Release|Any CPU = Release|Any CPU
	EndGlobalSection
	GlobalSection(ProjectConfigurationPlatforms) = postSolution
		{67B2A323-821D-491C-9220-EA89E3D96BAF}.Debug|Any CPU.ActiveCfg = Debug|Any CPU
		{67B2A323-821D-491C-9220-EA89E3D96BAF}.Debug|Any CPU.Build.0 = Debug|Any CPU
		{67B2A323-821D-491C-9220-EA89E3D96BAF}.Release|Any CPU.ActiveCfg = Release|Any CPU
		{67B2A323-821D-491C-9220-EA89E3D96BAF}.Release|Any CPU.Build.0 = Release|Any CPU
	EndGlobalSection
	GlobalSection(SolutionProperties) = preSolution
		HideSolutionNode = FALSE
	EndGlobalSection
	GlobalSection(ExtensibilityGlobals) = postSolution
		SolutionGuid = {801AA30F-6E2F-4D5B-82B0-76B213A9BBEE}
	EndGlobalSection
EndGlobal
